
Microsoft Visual Studio Solution File, Format Version 12.00
# Visual Studio 14
VisualStudioVersion = 14.0.25420.1
MinimumVisualStudioVersion = 10.0.40219.1
Project("{8BC9CEB8-8B4A-11D0-8D11-00A0C91BC942}") = "OpenGL", "OpenGL\OpenGL.vcxproj", "{099C103F-8B38-4662-BE48-7B4FCE077F6A}"
EndProject
Project("{FAE04EC0-301F-11D3-BF4B-00C04F79EFBC}") = "DebugWindow", "WindowsFormsApplication1\DebugWindow.csproj", "{89B2D3B8-7D92-47C0-8CBC-24ED4FDEAD83}"
EndProject
Global
	GlobalSection(SolutionConfigurationPlatforms) = preSolution
		Debug|Any CPU = Debug|Any CPU
		Debug|x64 = Debug|x64
		Debug|x86 = Debug|x86
		Release|Any CPU = Release|Any CPU
		Release|x64 = Release|x64
		Release|x86 = Release|x86
	EndGlobalSection
	GlobalSection(ProjectConfigurationPlatforms) = postSolution
		{099C103F-8B38-4662-BE48-7B4FCE077F6A}.Debug|Any CPU.ActiveCfg = Debug|Win32
		{099C103F-8B38-4662-BE48-7B4FCE077F6A}.Debug|x64.ActiveCfg = Debug|x64
		{099C103F-8B38-4662-BE48-7B4FCE077F6A}.Debug|x64.Build.0 = Debug|x64
		{099C103F-8B38-4662-BE48-7B4FCE077F6A}.Debug|x86.ActiveCfg = Debug|Win32
		{099C103F-8B38-4662-BE48-7B4FCE077F6A}.Debug|x86.Build.0 = Debug|Win32
		{099C103F-8B38-4662-BE48-7B4FCE077F6A}.Release|Any CPU.ActiveCfg = Release|Win32
		{099C103F-8B38-4662-BE48-7B4FCE077F6A}.Release|x64.ActiveCfg = Release|x64
		{099C103F-8B38-4662-BE48-7B4FCE077F6A}.Release|x64.Build.0 = Release|x64
		{099C103F-8B38-4662-BE48-7B4FCE077F6A}.Release|x86.ActiveCfg = Release|Win32
		{099C103F-8B38-4662-BE48-7B4FCE077F6A}.Release|x86.Build.0 = Release|Win32
		{89B2D3B8-7D92-47C0-8CBC-24ED4FDEAD83}.Debug|Any CPU.ActiveCfg = Debug|Any CPU
		{89B2D3B8-7D92-47C0-8CBC-24ED4FDEAD83}.Debug|Any CPU.Build.0 = Debug|Any CPU
		{89B2D3B8-7D92-47C0-8CBC-24ED4FDEAD83}.Debug|x64.ActiveCfg = Debug|Any CPU
		{89B2D3B8-7D92-47C0-8CBC-24ED4FDEAD83}.Debug|x64.Build.0 = Debug|Any CPU
		{89B2D3B8-7D92-47C0-8CBC-24ED4FDEAD83}.Debug|x86.ActiveCfg = Debug|Any CPU
		{89B2D3B8-7D92-47C0-8CBC-24ED4FDEAD83}.Debug|x86.Build.0 = Debug|Any CPU
		{89B2D3B8-7D92-47C0-8CBC-24ED4FDEAD83}.Release|Any CPU.ActiveCfg = Release|Any CPU
		{89B2D3B8-7D92-47C0-8CBC-24ED4FDEAD83}.Release|Any CPU.Build.0 = Release|Any CPU
		{89B2D3B8-7D92-47C0-8CBC-24ED4FDEAD83}.Release|x64.ActiveCfg = Release|Any CPU
		{89B2D3B8-7D92-47C0-8CBC-24ED4FDEAD83}.Release|x64.Build.0 = Release|Any CPU
		{89B2D3B8-7D92-47C0-8CBC-24ED4FDEAD83}.Release|x86.ActiveCfg = Release|Any CPU
		{89B2D3B8-7D92-47C0-8CBC-24ED4FDEAD83}.Release|x86.Build.0 = Release|Any CPU
	EndGlobalSection
	GlobalSection(SolutionProperties) = preSolution
		HideSolutionNode = FALSE
	EndGlobalSection
EndGlobal
