<?xml version="1.0" encoding="utf-8"?>
<Project ToolsVersion="4.0" xmlns="http://schemas.microsoft.com/developer/msbuild/2003">
  <ItemGroup>
    <Filter Include="src">
      <UniqueIdentifier>{a1df12dd-75ac-49fb-ae25-1144825b4f4d}</UniqueIdentifier>
      <Extensions>h;hh;hpp;hxx;hm;inl;inc;xsd;cpp;c;cc;cxx;def;odl;idl;hpj;bat;asm;asmx</Extensions>
    </Filter>
    <Filter Include="src\render">
      <UniqueIdentifier>{7dfa1325-955b-459c-a53b-66e4c8321e3f}</UniqueIdentifier>
    </Filter>
    <Filter Include="src\scene">
      <UniqueIdentifier>{1ff341ec-7529-4e37-bb65-a0ce5aa277fe}</UniqueIdentifier>
    </Filter>
  </ItemGroup>
  <ItemGroup>
    <ClCompile Include="src\main.cpp">
      <Filter>src</Filter>
    </ClCompile>
    <ClCompile Include="src\shader.cpp">
      <Filter>src\render</Filter>
    </ClCompile>
    <ClCompile Include="src\scene.cpp">
      <Filter>src\scene</Filter>
    </ClCompile>
  </ItemGroup>
  <ItemGroup>
    <ClInclude Include="src\shader.h">
      <Filter>src\render</Filter>
    </ClInclude>
    <ClInclude Include="src\scene.h">
      <Filter>src\scene</Filter>
    </ClInclude>
  </ItemGroup>
</Project>